
Microsoft Visual Studio Solution File, Format Version 12.00
# Visual Studio 15
VisualStudioVersion = 15.0.26430.13
MinimumVisualStudioVersion = 10.0.40219.1
Project("{FAE04EC0-301F-11D3-BF4B-00C04F79EFBC}") = "systemApp", "systemApp\systemApp.csproj", "{67E029EE-5A9A-424D-A092-C9F4A5119018}"
EndProject
Project("{FAE04EC0-301F-11D3-BF4B-00C04F79EFBC}") = "PcInfoSenderService", "PcInfoSenderService\PcInfoSenderService.csproj", "{148170F2-DF8D-4E48-85ED-6AC8113A5A29}"
EndProject
Project("{FAE04EC0-301F-11D3-BF4B-00C04F79EFBC}") = "PcInfoModels", "PcInfoModels\PcInfoModels.csproj", "{ABFA214C-9C3F-4F00-8C8B-A7F4AF655A39}"
EndProject
Project("{FAE04EC0-301F-11D3-BF4B-00C04F79EFBC}") = "WcfDiscoveryHost", "WcfDiscoveryHost\WcfDiscoveryHost.csproj", "{E1533E74-E138-4A5D-8E9E-FB4A73FB0744}"
EndProject
Project("{FAE04EC0-301F-11D3-BF4B-00C04F79EFBC}") = "WcfDiscoveryClient", "WcfDiscoveryClient\WcfDiscoveryClient.csproj", "{A9763F87-1942-4EFE-B0A2-8539C9189F88}"
EndProject
Global
	GlobalSection(SolutionConfigurationPlatforms) = preSolution
		Debug|Any CPU = Debug|Any CPU
		Release|Any CPU = Release|Any CPU
	EndGlobalSection
	GlobalSection(ProjectConfigurationPlatforms) = postSolution
		{67E029EE-5A9A-424D-A092-C9F4A5119018}.Debug|Any CPU.ActiveCfg = Debug|Any CPU
		{67E029EE-5A9A-424D-A092-C9F4A5119018}.Debug|Any CPU.Build.0 = Debug|Any CPU
		{67E029EE-5A9A-424D-A092-C9F4A5119018}.Release|Any CPU.ActiveCfg = Release|Any CPU
		{67E029EE-5A9A-424D-A092-C9F4A5119018}.Release|Any CPU.Build.0 = Release|Any CPU
		{148170F2-DF8D-4E48-85ED-6AC8113A5A29}.Debug|Any CPU.ActiveCfg = Debug|Any CPU
		{148170F2-DF8D-4E48-85ED-6AC8113A5A29}.Debug|Any CPU.Build.0 = Debug|Any CPU
		{148170F2-DF8D-4E48-85ED-6AC8113A5A29}.Release|Any CPU.ActiveCfg = Release|Any CPU
		{148170F2-DF8D-4E48-85ED-6AC8113A5A29}.Release|Any CPU.Build.0 = Release|Any CPU
		{ABFA214C-9C3F-4F00-8C8B-A7F4AF655A39}.Debug|Any CPU.ActiveCfg = Debug|Any CPU
		{ABFA214C-9C3F-4F00-8C8B-A7F4AF655A39}.Debug|Any CPU.Build.0 = Debug|Any CPU
		{ABFA214C-9C3F-4F00-8C8B-A7F4AF655A39}.Release|Any CPU.ActiveCfg = Release|Any CPU
		{ABFA214C-9C3F-4F00-8C8B-A7F4AF655A39}.Release|Any CPU.Build.0 = Release|Any CPU
		{E1533E74-E138-4A5D-8E9E-FB4A73FB0744}.Debug|Any CPU.ActiveCfg = Debug|Any CPU
		{E1533E74-E138-4A5D-8E9E-FB4A73FB0744}.Debug|Any CPU.Build.0 = Debug|Any CPU
		{E1533E74-E138-4A5D-8E9E-FB4A73FB0744}.Release|Any CPU.ActiveCfg = Release|Any CPU
		{E1533E74-E138-4A5D-8E9E-FB4A73FB0744}.Release|Any CPU.Build.0 = Release|Any CPU
		{A9763F87-1942-4EFE-B0A2-8539C9189F88}.Debug|Any CPU.ActiveCfg = Debug|Any CPU
		{A9763F87-1942-4EFE-B0A2-8539C9189F88}.Debug|Any CPU.Build.0 = Debug|Any CPU
		{A9763F87-1942-4EFE-B0A2-8539C9189F88}.Release|Any CPU.ActiveCfg = Release|Any CPU
		{A9763F87-1942-4EFE-B0A2-8539C9189F88}.Release|Any CPU.Build.0 = Release|Any CPU
	EndGlobalSection
	GlobalSection(SolutionProperties) = preSolution
		HideSolutionNode = FALSE
	EndGlobalSection
	GlobalSection(ExtensibilityGlobals) = postSolution
		SolutionGuid = {AE6147F6-F1B3-476A-93DC-9AF6974CFF28}
	EndGlobalSection
EndGlobal
